{
  "name": "base",
  "version": "1.0.0",
  "lockfileVersion": 1,
  "requires": true,
  "dependencies": {
    "dep": {
      "version": "file:../dep"
    },
    "typescript": {
      "version": "3.1.8",
      "resolved": "https://registry.npmjs.org/typescript/-/typescript-3.1.8.tgz",
      "integrity": "sha512-R97qglMfoKjfKD0N24o7W6bS+SwjN/eaQNIaxR8S5HdLRnt7rCk6LCmE3tve1KN8gXKgbJU51aZHRRMAQcIbMA==",
      "dev": true
    }
  }
}
